// !$*UTF8*$!
{
	archiveVersion = 1;
	classes = {
	};
	objectVersion = 56;
	objects = {

/* Begin PBXBuildFile section */
		EAAF6EEF2928C53D001E3583 /* BitcoinPriceApp.swift in Sources */ = {isa = PBXBuildFile; fileRef = EAAF6EEE2928C53D001E3583 /* BitcoinPriceApp.swift */; };
		EAAF6EF12928C53D001E3583 /* PriceView.swift in Sources */ = {isa = PBXBuildFile; fileRef = EAAF6EF02928C53D001E3583 /* PriceView.swift */; };
		EAAF6EF32928C53F001E3583 /* Assets.xcassets in Resources */ = {isa = PBXBuildFile; fileRef = EAAF6EF22928C53F001E3583 /* Assets.xcassets */; };
		EAAF6EF62928C53F001E3583 /* Preview Assets.xcassets in Resources */ = {isa = PBXBuildFile; fileRef = EAAF6EF52928C53F001E3583 /* Preview Assets.xcassets */; };
		EAAF6F002928C53F001E3583 /* BitcoinPriceTests.swift in Sources */ = {isa = PBXBuildFile; fileRef = EAAF6EFF2928C53F001E3583 /* BitcoinPriceTests.swift */; };
		EAAF6F0A2928C53F001E3583 /* BitcoinPriceUITests.swift in Sources */ = {isa = PBXBuildFile; fileRef = EAAF6F092928C53F001E3583 /* BitcoinPriceUITests.swift */; };
		EAAF6F0C2928C53F001E3583 /* BitcoinPriceUITestsLaunchTests.swift in Sources */ = {isa = PBXBuildFile; fileRef = EAAF6F0B2928C53F001E3583 /* BitcoinPriceUITestsLaunchTests.swift */; };
		EAAF6F1B2928C96E001E3583 /* Mabry Pro.otf in Resources */ = {isa = PBXBuildFile; fileRef = EAAF6F192928C96E001E3583 /* Mabry Pro.otf */; };
		EAAF6F1C2928C96E001E3583 /* Mabry Pro Bold.otf in Resources */ = {isa = PBXBuildFile; fileRef = EAAF6F1A2928C96E001E3583 /* Mabry Pro Bold.otf */; };
		EAC037B72928E899006175AB /* BitcoinPrices.swift in Sources */ = {isa = PBXBuildFile; fileRef = EAC037B62928E899006175AB /* BitcoinPrices.swift */; };
		EAC037BB2928ECDA006175AB /* API.swift in Sources */ = {isa = PBXBuildFile; fileRef = EAC037BA2928ECDA006175AB /* API.swift */; };
/* End PBXBuildFile section */

/* Begin PBXContainerItemProxy section */
		EAAF6EFC2928C53F001E3583 /* PBXContainerItemProxy */ = {
			isa = PBXContainerItemProxy;
			containerPortal = EAAF6EE32928C53D001E3583 /* Project object */;
			proxyType = 1;
			remoteGlobalIDString = EAAF6EEA2928C53D001E3583;
			remoteInfo = BitcoinPrice;
		};
		EAAF6F062928C53F001E3583 /* PBXContainerItemProxy */ = {
			isa = PBXContainerItemProxy;
			containerPortal = EAAF6EE32928C53D001E3583 /* Project object */;
			proxyType = 1;
			remoteGlobalIDString = EAAF6EEA2928C53D001E3583;
			remoteInfo = BitcoinPrice;
		};
/* End PBXContainerItemProxy section */

/* Begin PBXFileReference section */
		EAAF6EEB2928C53D001E3583 /* BitcoinPrice.app */ = {isa = PBXFileReference; explicitFileType = wrapper.application; includeInIndex = 0; path = BitcoinPrice.app; sourceTree = BUILT_PRODUCTS_DIR; };
		EAAF6EEE2928C53D001E3583 /* BitcoinPriceApp.swift */ = {isa = PBXFileReference; lastKnownFileType = sourcecode.swift; path = BitcoinPriceApp.swift; sourceTree = "<group>"; };
		EAAF6EF02928C53D001E3583 /* PriceView.swift */ = {isa = PBXFileReference; lastKnownFileType = sourcecode.swift; path = PriceView.swift; sourceTree = "<group>"; };
		EAAF6EF22928C53F001E3583 /* Assets.xcassets */ = {isa = PBXFileReference; lastKnownFileType = folder.assetcatalog; path = Assets.xcassets; sourceTree = "<group>"; };
		EAAF6EF52928C53F001E3583 /* Preview Assets.xcassets */ = {isa = PBXFileReference; lastKnownFileType = folder.assetcatalog; path = "Preview Assets.xcassets"; sourceTree = "<group>"; };
		EAAF6EFB2928C53F001E3583 /* BitcoinPriceTests.xctest */ = {isa = PBXFileReference; explicitFileType = wrapper.cfbundle; includeInIndex = 0; path = BitcoinPriceTests.xctest; sourceTree = BUILT_PRODUCTS_DIR; };
		EAAF6EFF2928C53F001E3583 /* BitcoinPriceTests.swift */ = {isa = PBXFileReference; lastKnownFileType = sourcecode.swift; path = BitcoinPriceTests.swift; sourceTree = "<group>"; };
		EAAF6F052928C53F001E3583 /* BitcoinPriceUITests.xctest */ = {isa = PBXFileReference; explicitFileType = wrapper.cfbundle; includeInIndex = 0; path = BitcoinPriceUITests.xctest; sourceTree = BUILT_PRODUCTS_DIR; };
		EAAF6F092928C53F001E3583 /* BitcoinPriceUITests.swift */ = {isa = PBXFileReference; lastKnownFileType = sourcecode.swift; path = BitcoinPriceUITests.swift; sourceTree = "<group>"; };
		EAAF6F0B2928C53F001E3583 /* BitcoinPriceUITestsLaunchTests.swift */ = {isa = PBXFileReference; lastKnownFileType = sourcecode.swift; path = BitcoinPriceUITestsLaunchTests.swift; sourceTree = "<group>"; };
		EAAF6F192928C96E001E3583 /* Mabry Pro.otf */ = {isa = PBXFileReference; lastKnownFileType = file; path = "Mabry Pro.otf"; sourceTree = "<group>"; };
		EAAF6F1A2928C96E001E3583 /* Mabry Pro Bold.otf */ = {isa = PBXFileReference; lastKnownFileType = file; path = "Mabry Pro Bold.otf"; sourceTree = "<group>"; };
		EAAF6F1D2928C988001E3583 /* Info.plist */ = {isa = PBXFileReference; lastKnownFileType = text.plist; path = Info.plist; sourceTree = "<group>"; };
		EAC037B62928E899006175AB /* BitcoinPrices.swift */ = {isa = PBXFileReference; lastKnownFileType = sourcecode.swift; path = BitcoinPrices.swift; sourceTree = "<group>"; };
		EAC037BA2928ECDA006175AB /* API.swift */ = {isa = PBXFileReference; lastKnownFileType = sourcecode.swift; path = API.swift; sourceTree = "<group>"; };
/* End PBXFileReference section */

/* Begin PBXFrameworksBuildPhase section */
		EAAF6EE82928C53D001E3583 /* Frameworks */ = {
			isa = PBXFrameworksBuildPhase;
			buildActionMask = 2147483647;
			files = (
			);
			runOnlyForDeploymentPostprocessing = 0;
		};
		EAAF6EF82928C53F001E3583 /* Frameworks */ = {
			isa = PBXFrameworksBuildPhase;
			buildActionMask = 2147483647;
			files = (
			);
			runOnlyForDeploymentPostprocessing = 0;
		};
		EAAF6F022928C53F001E3583 /* Frameworks */ = {
			isa = PBXFrameworksBuildPhase;
			buildActionMask = 2147483647;
			files = (
			);
			runOnlyForDeploymentPostprocessing = 0;
		};
/* End PBXFrameworksBuildPhase section */

/* Begin PBXGroup section */
		EAAF6EE22928C53D001E3583 = {
			isa = PBXGroup;
			children = (
				EAAF6EED2928C53D001E3583 /* BitcoinPrice */,
				EAAF6EFE2928C53F001E3583 /* BitcoinPriceTests */,
				EAAF6F082928C53F001E3583 /* BitcoinPriceUITests */,
				EAAF6EEC2928C53D001E3583 /* Products */,
			);
			sourceTree = "<group>";
		};
		EAAF6EEC2928C53D001E3583 /* Products */ = {
			isa = PBXGroup;
			children = (
				EAAF6EEB2928C53D001E3583 /* BitcoinPrice.app */,
				EAAF6EFB2928C53F001E3583 /* BitcoinPriceTests.xctest */,
				EAAF6F052928C53F001E3583 /* BitcoinPriceUITests.xctest */,
			);
			name = Products;
			sourceTree = "<group>";
		};
		EAAF6EED2928C53D001E3583 /* BitcoinPrice */ = {
			isa = PBXGroup;
			children = (
				EAAF6F1D2928C988001E3583 /* Info.plist */,
				EAAF6EEE2928C53D001E3583 /* BitcoinPriceApp.swift */,
				EAAF6F182928C95B001E3583 /* Fonts */,
				EAAF6EF02928C53D001E3583 /* PriceView.swift */,
				EAC037B92928ECBF006175AB /* API */,
				EAC037B52928E877006175AB /* Model */,
				EAAF6EF22928C53F001E3583 /* Assets.xcassets */,
				EAAF6EF42928C53F001E3583 /* Preview Content */,
			);
			path = BitcoinPrice;
			sourceTree = "<group>";
		};
		EAAF6EF42928C53F001E3583 /* Preview Content */ = {
			isa = PBXGroup;
			children = (
				EAAF6EF52928C53F001E3583 /* Preview Assets.xcassets */,
			);
			path = "Preview Content";
			sourceTree = "<group>";
		};
		EAAF6EFE2928C53F001E3583 /* BitcoinPriceTests */ = {
			isa = PBXGroup;
			children = (
				EAAF6EFF2928C53F001E3583 /* BitcoinPriceTests.swift */,
			);
			path = BitcoinPriceTests;
			sourceTree = "<group>";
		};
		EAAF6F082928C53F001E3583 /* BitcoinPriceUITests */ = {
			isa = PBXGroup;
			children = (
				EAAF6F092928C53F001E3583 /* BitcoinPriceUITests.swift */,
				EAAF6F0B2928C53F001E3583 /* BitcoinPriceUITestsLaunchTests.swift */,
			);
			path = BitcoinPriceUITests;
			sourceTree = "<group>";
		};
		EAAF6F182928C95B001E3583 /* Fonts */ = {
			isa = PBXGroup;
			children = (
				EAAF6F1A2928C96E001E3583 /* Mabry Pro Bold.otf */,
				EAAF6F192928C96E001E3583 /* Mabry Pro.otf */,
			);
			path = Fonts;
			sourceTree = "<group>";
		};
		EAC037B52928E877006175AB /* Model */ = {
			isa = PBXGroup;
			children = (
				EAC037B62928E899006175AB /* BitcoinPrices.swift */,
			);
			path = Model;
			sourceTree = "<group>";
		};
		EAC037B92928ECBF006175AB /* API */ = {
			isa = PBXGroup;
			children = (
				EAC037BA2928ECDA006175AB /* API.swift */,
			);
			path = API;
			sourceTree = "<group>";
		};
/* End PBXGroup section */

/* Begin PBXNativeTarget section */
		EAAF6EEA2928C53D001E3583 /* BitcoinPrice */ = {
			isa = PBXNativeTarget;
			buildConfigurationList = EAAF6F0F2928C53F001E3583 /* Build configuration list for PBXNativeTarget "BitcoinPrice" */;
			buildPhases = (
				EAAF6EE72928C53D001E3583 /* Sources */,
				EAAF6EE82928C53D001E3583 /* Frameworks */,
				EAAF6EE92928C53D001E3583 /* Resources */,
			);
			buildRules = (
			);
			dependencies = (
			);
			name = BitcoinPrice;
			productName = BitcoinPrice;
			productReference = EAAF6EEB2928C53D001E3583 /* BitcoinPrice.app */;
			productType = "com.apple.product-type.application";
		};
		EAAF6EFA2928C53F001E3583 /* BitcoinPriceTests */ = {
			isa = PBXNativeTarget;
			buildConfigurationList = EAAF6F122928C53F001E3583 /* Build configuration list for PBXNativeTarget "BitcoinPriceTests" */;
			buildPhases = (
				EAAF6EF72928C53F001E3583 /* Sources */,
				EAAF6EF82928C53F001E3583 /* Frameworks */,
				EAAF6EF92928C53F001E3583 /* Resources */,
			);
			buildRules = (
			);
			dependencies = (
				EAAF6EFD2928C53F001E3583 /* PBXTargetDependency */,
			);
			name = BitcoinPriceTests;
			productName = BitcoinPriceTests;
			productReference = EAAF6EFB2928C53F001E3583 /* BitcoinPriceTests.xctest */;
			productType = "com.apple.product-type.bundle.unit-test";
		};
		EAAF6F042928C53F001E3583 /* BitcoinPriceUITests */ = {
			isa = PBXNativeTarget;
			buildConfigurationList = EAAF6F152928C53F001E3583 /* Build configuration list for PBXNativeTarget "BitcoinPriceUITests" */;
			buildPhases = (
				EAAF6F012928C53F001E3583 /* Sources */,
				EAAF6F022928C53F001E3583 /* Frameworks */,
				EAAF6F032928C53F001E3583 /* Resources */,
			);
			buildRules = (
			);
			dependencies = (
				EAAF6F072928C53F001E3583 /* PBXTargetDependency */,
			);
			name = BitcoinPriceUITests;
			productName = BitcoinPriceUITests;
			productReference = EAAF6F052928C53F001E3583 /* BitcoinPriceUITests.xctest */;
			productType = "com.apple.product-type.bundle.ui-testing";
		};
/* End PBXNativeTarget section */

/* Begin PBXProject section */
		EAAF6EE32928C53D001E3583 /* Project object */ = {
			isa = PBXProject;
			attributes = {
				BuildIndependentTargetsInParallel = 1;
				LastSwiftUpdateCheck = 1410;
				LastUpgradeCheck = 1410;
				TargetAttributes = {
					EAAF6EEA2928C53D001E3583 = {
						CreatedOnToolsVersion = 14.1;
					};
					EAAF6EFA2928C53F001E3583 = {
						CreatedOnToolsVersion = 14.1;
						TestTargetID = EAAF6EEA2928C53D001E3583;
					};
					EAAF6F042928C53F001E3583 = {
						CreatedOnToolsVersion = 14.1;
						TestTargetID = EAAF6EEA2928C53D001E3583;
					};
				};
			};
			buildConfigurationList = EAAF6EE62928C53D001E3583 /* Build configuration list for PBXProject "BitcoinPrice" */;
			compatibilityVersion = "Xcode 14.0";
			developmentRegion = en;
			hasScannedForEncodings = 0;
			knownRegions = (
				en,
				Base,
			);
			mainGroup = EAAF6EE22928C53D001E3583;
			productRefGroup = EAAF6EEC2928C53D001E3583 /* Products */;
			projectDirPath = "";
			projectRoot = "";
			targets = (
				EAAF6EEA2928C53D001E3583 /* BitcoinPrice */,
				EAAF6EFA2928C53F001E3583 /* BitcoinPriceTests */,
				EAAF6F042928C53F001E3583 /* BitcoinPriceUITests */,
			);
		};
/* End PBXProject section */

/* Begin PBXResourcesBuildPhase section */
		EAAF6EE92928C53D001E3583 /* Resources */ = {
			isa = PBXResourcesBuildPhase;
			buildActionMask = 2147483647;
			files = (
				EAAF6EF62928C53F001E3583 /* Preview Assets.xcassets in Resources */,
				EAAF6EF32928C53F001E3583 /* Assets.xcassets in Resources */,
				EAAF6F1C2928C96E001E3583 /* Mabry Pro Bold.otf in Resources */,
				EAAF6F1B2928C96E001E3583 /* Mabry Pro.otf in Resources */,
			);
			runOnlyForDeploymentPostprocessing = 0;
		};
		EAAF6EF92928C53F001E3583 /* Resources */ = {
			isa = PBXResourcesBuildPhase;
			buildActionMask = 2147483647;
			files = (
			);
			runOnlyForDeploymentPostprocessing = 0;
		};
		EAAF6F032928C53F001E3583 /* Resources */ = {
			isa = PBXResourcesBuildPhase;
			buildActionMask = 2147483647;
			files = (
			);
			runOnlyForDeploymentPostprocessing = 0;
		};
/* End PBXResourcesBuildPhase section */

/* Begin PBXSourcesBuildPhase section */
		EAAF6EE72928C53D001E3583 /* Sources */ = {
			isa = PBXSourcesBuildPhase;
			buildActionMask = 2147483647;
			files = (
				EAC037B72928E899006175AB /* BitcoinPrices.swift in Sources */,
				EAAF6EF12928C53D001E3583 /* PriceView.swift in Sources */,
				EAC037BB2928ECDA006175AB /* API.swift in Sources */,
				EAAF6EEF2928C53D001E3583 /* BitcoinPriceApp.swift in Sources */,
			);
			runOnlyForDeploymentPostprocessing = 0;
		};
		EAAF6EF72928C53F001E3583 /* Sources */ = {
			isa = PBXSourcesBuildPhase;
			buildActionMask = 2147483647;
			files = (
				EAAF6F002928C53F001E3583 /* BitcoinPriceTests.swift in Sources */,
			);
			runOnlyForDeploymentPostprocessing = 0;
		};
		EAAF6F012928C53F001E3583 /* Sources */ = {
			isa = PBXSourcesBuildPhase;
			buildActionMask = 2147483647;
			files = (
				EAAF6F0A2928C53F001E3583 /* BitcoinPriceUITests.swift in Sources */,
				EAAF6F0C2928C53F001E3583 /* BitcoinPriceUITestsLaunchTests.swift in Sources */,
			);
			runOnlyForDeploymentPostprocessing = 0;
		};
/* End PBXSourcesBuildPhase section */

/* Begin PBXTargetDependency section */
		EAAF6EFD2928C53F001E3583 /* PBXTargetDependency */ = {
			isa = PBXTargetDependency;
			target = EAAF6EEA2928C53D001E3583 /* BitcoinPrice */;
			targetProxy = EAAF6EFC2928C53F001E3583 /* PBXContainerItemProxy */;
		};
		EAAF6F072928C53F001E3583 /* PBXTargetDependency */ = {
			isa = PBXTargetDependency;
			target = EAAF6EEA2928C53D001E3583 /* BitcoinPrice */;
			targetProxy = EAAF6F062928C53F001E3583 /* PBXContainerItemProxy */;
		};
/* End PBXTargetDependency section */

/* Begin XCBuildConfiguration section */
		EAAF6F0D2928C53F001E3583 /* Debug */ = {
			isa = XCBuildConfiguration;
			buildSettings = {
				ALWAYS_SEARCH_USER_PATHS = NO;
				CLANG_ANALYZER_NONNULL = YES;
				CLANG_ANALYZER_NUMBER_OBJECT_CONVERSION = YES_AGGRESSIVE;
				CLANG_CXX_LANGUAGE_STANDARD = "gnu++20";
				CLANG_ENABLE_MODULES = YES;
				CLANG_ENABLE_OBJC_ARC = YES;
				CLANG_ENABLE_OBJC_WEAK = YES;
				CLANG_WARN_BLOCK_CAPTURE_AUTORELEASING = YES;
				CLANG_WARN_BOOL_CONVERSION = YES;
				CLANG_WARN_COMMA = YES;
				CLANG_WARN_CONSTANT_CONVERSION = YES;
				CLANG_WARN_DEPRECATED_OBJC_IMPLEMENTATIONS = YES;
				CLANG_WARN_DIRECT_OBJC_ISA_USAGE = YES_ERROR;
				CLANG_WARN_DOCUMENTATION_COMMENTS = YES;
				CLANG_WARN_EMPTY_BODY = YES;
				CLANG_WARN_ENUM_CONVERSION = YES;
				CLANG_WARN_INFINITE_RECURSION = YES;
				CLANG_WARN_INT_CONVERSION = YES;
				CLANG_WARN_NON_LITERAL_NULL_CONVERSION = YES;
				CLANG_WARN_OBJC_IMPLICIT_RETAIN_SELF = YES;
				CLANG_WARN_OBJC_LITERAL_CONVERSION = YES;
				CLANG_WARN_OBJC_ROOT_CLASS = YES_ERROR;
				CLANG_WARN_QUOTED_INCLUDE_IN_FRAMEWORK_HEADER = YES;
				CLANG_WARN_RANGE_LOOP_ANALYSIS = YES;
				CLANG_WARN_STRICT_PROTOTYPES = YES;
				CLANG_WARN_SUSPICIOUS_MOVE = YES;
				CLANG_WARN_UNGUARDED_AVAILABILITY = YES_AGGRESSIVE;
				CLANG_WARN_UNREACHABLE_CODE = YES;
				CLANG_WARN__DUPLICATE_METHOD_MATCH = YES;
				COPY_PHASE_STRIP = NO;
				DEBUG_INFORMATION_FORMAT = dwarf;
				ENABLE_STRICT_OBJC_MSGSEND = YES;
				ENABLE_TESTABILITY = YES;
				GCC_C_LANGUAGE_STANDARD = gnu11;
				GCC_DYNAMIC_NO_PIC = NO;
				GCC_NO_COMMON_BLOCKS = YES;
				GCC_OPTIMIZATION_LEVEL = 0;
				GCC_PREPROCESSOR_DEFINITIONS = (
					"DEBUG=1",
					"$(inherited)",
				);
				GCC_WARN_64_TO_32_BIT_CONVERSION = YES;
				GCC_WARN_ABOUT_RETURN_TYPE = YES_ERROR;
				GCC_WARN_UNDECLARED_SELECTOR = YES;
				GCC_WARN_UNINITIALIZED_AUTOS = YES_AGGRESSIVE;
				GCC_WARN_UNUSED_FUNCTION = YES;
				GCC_WARN_UNUSED_VARIABLE = YES;
				IPHONEOS_DEPLOYMENT_TARGET = 16.1;
				MTL_ENABLE_DEBUG_INFO = INCLUDE_SOURCE;
				MTL_FAST_MATH = YES;
				ONLY_ACTIVE_ARCH = YES;
				SDKROOT = iphoneos;
				SWIFT_ACTIVE_COMPILATION_CONDITIONS = DEBUG;
				SWIFT_OPTIMIZATION_LEVEL = "-Onone";
			};
			name = Debug;
		};
		EAAF6F0E2928C53F001E3583 /* Release */ = {
			isa = XCBuildConfiguration;
			buildSettings = {
				ALWAYS_SEARCH_USER_PATHS = NO;
				CLANG_ANALYZER_NONNULL = YES;
				CLANG_ANALYZER_NUMBER_OBJECT_CONVERSION = YES_AGGRESSIVE;
				CLANG_CXX_LANGUAGE_STANDARD = "gnu++20";
				CLANG_ENABLE_MODULES = YES;
				CLANG_ENABLE_OBJC_ARC = YES;
				CLANG_ENABLE_OBJC_WEAK = YES;
				CLANG_WARN_BLOCK_CAPTURE_AUTORELEASING = YES;
				CLANG_WARN_BOOL_CONVERSION = YES;
				CLANG_WARN_COMMA = YES;
				CLANG_WARN_CONSTANT_CONVERSION = YES;
				CLANG_WARN_DEPRECATED_OBJC_IMPLEMENTATIONS = YES;
				CLANG_WARN_DIRECT_OBJC_ISA_USAGE = YES_ERROR;
				CLANG_WARN_DOCUMENTATION_COMMENTS = YES;
				CLANG_WARN_EMPTY_BODY = YES;
				CLANG_WARN_ENUM_CONVERSION = YES;
				CLANG_WARN_INFINITE_RECURSION = YES;
				CLANG_WARN_INT_CONVERSION = YES;
				CLANG_WARN_NON_LITERAL_NULL_CONVERSION = YES;
				CLANG_WARN_OBJC_IMPLICIT_RETAIN_SELF = YES;
				CLANG_WARN_OBJC_LITERAL_CONVERSION = YES;
				CLANG_WARN_OBJC_ROOT_CLASS = YES_ERROR;
				CLANG_WARN_QUOTED_INCLUDE_IN_FRAMEWORK_HEADER = YES;
				CLANG_WARN_RANGE_LOOP_ANALYSIS = YES;
				CLANG_WARN_STRICT_PROTOTYPES = YES;
				CLANG_WARN_SUSPICIOUS_MOVE = YES;
				CLANG_WARN_UNGUARDED_AVAILABILITY = YES_AGGRESSIVE;
				CLANG_WARN_UNREACHABLE_CODE = YES;
				CLANG_WARN__DUPLICATE_METHOD_MATCH = YES;
				COPY_PHASE_STRIP = NO;
				DEBUG_INFORMATION_FORMAT = "dwarf-with-dsym";
				ENABLE_NS_ASSERTIONS = NO;
				ENABLE_STRICT_OBJC_MSGSEND = YES;
				GCC_C_LANGUAGE_STANDARD = gnu11;
				GCC_NO_COMMON_BLOCKS = YES;
				GCC_WARN_64_TO_32_BIT_CONVERSION = YES;
				GCC_WARN_ABOUT_RETURN_TYPE = YES_ERROR;
				GCC_WARN_UNDECLARED_SELECTOR = YES;
				GCC_WARN_UNINITIALIZED_AUTOS = YES_AGGRESSIVE;
				GCC_WARN_UNUSED_FUNCTION = YES;
				GCC_WARN_UNUSED_VARIABLE = YES;
				IPHONEOS_DEPLOYMENT_TARGET = 16.1;
				MTL_ENABLE_DEBUG_INFO = NO;
				MTL_FAST_MATH = YES;
				SDKROOT = iphoneos;
				SWIFT_COMPILATION_MODE = wholemodule;
				SWIFT_OPTIMIZATION_LEVEL = "-O";
				VALIDATE_PRODUCT = YES;
			};
			name = Release;
		};
		EAAF6F102928C53F001E3583 /* Debug */ = {
			isa = XCBuildConfiguration;
			buildSettings = {
				ASSETCATALOG_COMPILER_APPICON_NAME = AppIcon;
				ASSETCATALOG_COMPILER_GLOBAL_ACCENT_COLOR_NAME = AccentColor;
				CODE_SIGN_STYLE = Automatic;
				CURRENT_PROJECT_VERSION = 1;
				DEVELOPMENT_ASSET_PATHS = "\"BitcoinPrice/Preview Content\"";
				DEVELOPMENT_TEAM = AJ67RUJC7P;
				ENABLE_PREVIEWS = YES;
				GENERATE_INFOPLIST_FILE = YES;
				INFOPLIST_FILE = BitcoinPrice/Info.plist;
				INFOPLIST_KEY_UIApplicationSceneManifest_Generation = YES;
				INFOPLIST_KEY_UIApplicationSupportsIndirectInputEvents = YES;
				INFOPLIST_KEY_UILaunchScreen_Generation = YES;
				INFOPLIST_KEY_UISupportedInterfaceOrientations_iPad = "UIInterfaceOrientationPortrait UIInterfaceOrientationPortraitUpsideDown UIInterfaceOrientationLandscapeLeft UIInterfaceOrientationLandscapeRight";
				INFOPLIST_KEY_UISupportedInterfaceOrientations_iPhone = "UIInterfaceOrientationPortrait UIInterfaceOrientationLandscapeLeft UIInterfaceOrientationLandscapeRight";
				LD_RUNPATH_SEARCH_PATHS = (
					"$(inherited)",
					"@executable_path/Frameworks",
				);
				MARKETING_VERSION = 1.0;
				PRODUCT_BUNDLE_IDENTIFIER = com.tecorb.BitcoinPrice;
				PRODUCT_NAME = "$(TARGET_NAME)";
				SWIFT_EMIT_LOC_STRINGS = YES;
				SWIFT_VERSION = 5.0;
				TARGETED_DEVICE_FAMILY = "1,2";
			};
			name = Debug;
		};
		EAAF6F112928C53F001E3583 /* Release */ = {
			isa = XCBuildConfiguration;
			buildSettings = {
				ASSETCATALOG_COMPILER_APPICON_NAME = AppIcon;
				ASSETCATALOG_COMPILER_GLOBAL_ACCENT_COLOR_NAME = AccentColor;
				CODE_SIGN_STYLE = Automatic;
				CURRENT_PROJECT_VERSION = 1;
				DEVELOPMENT_ASSET_PATHS = "\"BitcoinPrice/Preview Content\"";
				DEVELOPMENT_TEAM = AJ67RUJC7P;
				ENABLE_PREVIEWS = YES;
				GENERATE_INFOPLIST_FILE = YES;
				INFOPLIST_FILE = BitcoinPrice/Info.plist;
				INFOPLIST_KEY_UIApplicationSceneManifest_Generation = YES;
				INFOPLIST_KEY_UIApplicationSupportsIndirectInputEvents = YES;
				INFOPLIST_KEY_UILaunchScreen_Generation = YES;
				INFOPLIST_KEY_UISupportedInterfaceOrientations_iPad = "UIInterfaceOrientationPortrait UIInterfaceOrientationPortraitUpsideDown UIInterfaceOrientationLandscapeLeft UIInterfaceOrientationLandscapeRight";
				INFOPLIST_KEY_UISupportedInterfaceOrientations_iPhone = "UIInterfaceOrientationPortrait UIInterfaceOrientationLandscapeLeft UIInterfaceOrientationLandscapeRight";
				LD_RUNPATH_SEARCH_PATHS = (
					"$(inherited)",
					"@executable_path/Frameworks",
				);
				MARKETING_VERSION = 1.0;
				PRODUCT_BUNDLE_IDENTIFIER = com.tecorb.BitcoinPrice;
				PRODUCT_NAME = "$(TARGET_NAME)";
				SWIFT_EMIT_LOC_STRINGS = YES;
				SWIFT_VERSION = 5.0;
				TARGETED_DEVICE_FAMILY = "1,2";
			};
			name = Release;
		};
		EAAF6F132928C53F001E3583 /* Debug */ = {
			isa = XCBuildConfiguration;
			buildSettings = {
				ALWAYS_EMBED_SWIFT_STANDARD_LIBRARIES = YES;
				BUNDLE_LOADER = "$(TEST_HOST)";
				CODE_SIGN_STYLE = Automatic;
				CURRENT_PROJECT_VERSION = 1;
				DEVELOPMENT_TEAM = AJ67RUJC7P;
				GENERATE_INFOPLIST_FILE = YES;
				IPHONEOS_DEPLOYMENT_TARGET = 16.1;
				MARKETING_VERSION = 1.0;
				PRODUCT_BUNDLE_IDENTIFIER = com.tecorb.BitcoinPriceTests;
				PRODUCT_NAME = "$(TARGET_NAME)";
				SWIFT_EMIT_LOC_STRINGS = NO;
				SWIFT_VERSION = 5.0;
				TARGETED_DEVICE_FAMILY = "1,2";
				TEST_HOST = "$(BUILT_PRODUCTS_DIR)/BitcoinPrice.app/$(BUNDLE_EXECUTABLE_FOLDER_PATH)/BitcoinPrice";
			};
			name = Debug;
		};
		EAAF6F142928C53F001E3583 /* Release */ = {
			isa = XCBuildConfiguration;
			buildSettings = {
				ALWAYS_EMBED_SWIFT_STANDARD_LIBRARIES = YES;
				BUNDLE_LOADER = "$(TEST_HOST)";
				CODE_SIGN_STYLE = Automatic;
				CURRENT_PROJECT_VERSION = 1;
				DEVELOPMENT_TEAM = AJ67RUJC7P;
				GENERATE_INFOPLIST_FILE = YES;
				IPHONEOS_DEPLOYMENT_TARGET = 16.1;
				MARKETING_VERSION = 1.0;
				PRODUCT_BUNDLE_IDENTIFIER = com.tecorb.BitcoinPriceTests;
				PRODUCT_NAME = "$(TARGET_NAME)";
				SWIFT_EMIT_LOC_STRINGS = NO;
				SWIFT_VERSION = 5.0;
				TARGETED_DEVICE_FAMILY = "1,2";
				TEST_HOST = "$(BUILT_PRODUCTS_DIR)/BitcoinPrice.app/$(BUNDLE_EXECUTABLE_FOLDER_PATH)/BitcoinPrice";
			};
			name = Release;
		};
		EAAF6F162928C53F001E3583 /* Debug */ = {
			isa = XCBuildConfiguration;
			buildSettings = {
				ALWAYS_EMBED_SWIFT_STANDARD_LIBRARIES = YES;
				CODE_SIGN_STYLE = Automatic;
				CURRENT_PROJECT_VERSION = 1;
				DEVELOPMENT_TEAM = AJ67RUJC7P;
				GENERATE_INFOPLIST_FILE = YES;
				MARKETING_VERSION = 1.0;
				PRODUCT_BUNDLE_IDENTIFIER = com.tecorb.BitcoinPriceUITests;
				PRODUCT_NAME = "$(TARGET_NAME)";
				SWIFT_EMIT_LOC_STRINGS = NO;
				SWIFT_VERSION = 5.0;
				TARGETED_DEVICE_FAMILY = "1,2";
				TEST_TARGET_NAME = BitcoinPrice;
			};
			name = Debug;
		};
		EAAF6F172928C53F001E3583 /* Release */ = {
			isa = XCBuildConfiguration;
			buildSettings = {
				ALWAYS_EMBED_SWIFT_STANDARD_LIBRARIES = YES;
				CODE_SIGN_STYLE = Automatic;
				CURRENT_PROJECT_VERSION = 1;
				DEVELOPMENT_TEAM = AJ67RUJC7P;
				GENERATE_INFOPLIST_FILE = YES;
				MARKETING_VERSION = 1.0;
				PRODUCT_BUNDLE_IDENTIFIER = com.tecorb.BitcoinPriceUITests;
				PRODUCT_NAME = "$(TARGET_NAME)";
				SWIFT_EMIT_LOC_STRINGS = NO;
				SWIFT_VERSION = 5.0;
				TARGETED_DEVICE_FAMILY = "1,2";
				TEST_TARGET_NAME = BitcoinPrice;
			};
			name = Release;
		};
/* End XCBuildConfiguration section */

/* Begin XCConfigurationList section */
		EAAF6EE62928C53D001E3583 /* Build configuration list for PBXProject "BitcoinPrice" */ = {
			isa = XCConfigurationList;
			buildConfigurations = (
				EAAF6F0D2928C53F001E3583 /* Debug */,
				EAAF6F0E2928C53F001E3583 /* Release */,
			);
			defaultConfigurationIsVisible = 0;
			defaultConfigurationName = Release;
		};
		EAAF6F0F2928C53F001E3583 /* Build configuration list for PBXNativeTarget "BitcoinPrice" */ = {
			isa = XCConfigurationList;
			buildConfigurations = (
				EAAF6F102928C53F001E3583 /* Debug */,
				EAAF6F112928C53F001E3583 /* Release */,
			);
			defaultConfigurationIsVisible = 0;
			defaultConfigurationName = Release;
		};
		EAAF6F122928C53F001E3583 /* Build configuration list for PBXNativeTarget "BitcoinPriceTests" */ = {
			isa = XCConfigurationList;
			buildConfigurations = (
				EAAF6F132928C53F001E3583 /* Debug */,
				EAAF6F142928C53F001E3583 /* Release */,
			);
			defaultConfigurationIsVisible = 0;
			defaultConfigurationName = Release;
		};
		EAAF6F152928C53F001E3583 /* Build configuration list for PBXNativeTarget "BitcoinPriceUITests" */ = {
			isa = XCConfigurationList;
			buildConfigurations = (
				EAAF6F162928C53F001E3583 /* Debug */,
				EAAF6F172928C53F001E3583 /* Release */,
			);
			defaultConfigurationIsVisible = 0;
			defaultConfigurationName = Release;
		};
/* End XCConfigurationList section */
	};
	rootObject = EAAF6EE32928C53D001E3583 /* Project object */;
}
